{
  "name": "@fireflysemantics/collections",
  "version": "1.0.15",
  "lockfileVersion": 3,
  "requires": true,
  "packages": {
    "": {
      "name": "@fireflysemantics/collections",
      "version": "1.0.0",
      "dependencies": {
        "tslib": "^2.3.0"
      }
    },
    "node_modules/tslib": {
      "version": "2.6.0",
      "license": "0BSD"
    }
  }
}
